// !$*UTF8*$!
{
	archiveVersion = 1;
	classes = {
	};
	objectVersion = 55;
	objects = {

/* Begin PBXBuildFile section */
		A3B4CAF229438F2200E263FA /* AppDelegate.swift in Sources */ = {isa = PBXBuildFile; fileRef = A3B4CAF129438F2200E263FA /* AppDelegate.swift */; };
		A3B4CAF429438F2200E263FA /* SceneDelegate.swift in Sources */ = {isa = PBXBuildFile; fileRef = A3B4CAF329438F2200E263FA /* SceneDelegate.swift */; };
		A3B4CAF629438F2200E263FA /* ViewController.swift in Sources */ = {isa = PBXBuildFile; fileRef = A3B4CAF529438F2200E263FA /* ViewController.swift */; };
		A3B4CAF929438F2200E263FA /* Main.storyboard in Resources */ = {isa = PBXBuildFile; fileRef = A3B4CAF729438F2200E263FA /* Main.storyboard */; };
		A3B4CAFC29438F2200E263FA /* tableViewApi.xcdatamodeld in Sources */ = {isa = PBXBuildFile; fileRef = A3B4CAFA29438F2200E263FA /* tableViewApi.xcdatamodeld */; };
		A3B4CAFE29438F2500E263FA /* Assets.xcassets in Resources */ = {isa = PBXBuildFile; fileRef = A3B4CAFD29438F2500E263FA /* Assets.xcassets */; };
		A3B4CB0129438F2500E263FA /* LaunchScreen.storyboard in Resources */ = {isa = PBXBuildFile; fileRef = A3B4CAFF29438F2500E263FA /* LaunchScreen.storyboard */; };
		A3B4CB0C29438F2700E263FA /* tableViewApiTests.swift in Sources */ = {isa = PBXBuildFile; fileRef = A3B4CB0B29438F2700E263FA /* tableViewApiTests.swift */; };
		A3B4CB1629438F2700E263FA /* tableViewApiUITests.swift in Sources */ = {isa = PBXBuildFile; fileRef = A3B4CB1529438F2700E263FA /* tableViewApiUITests.swift */; };
		A3B4CB1829438F2700E263FA /* tableViewApiUITestsLaunchTests.swift in Sources */ = {isa = PBXBuildFile; fileRef = A3B4CB1729438F2700E263FA /* tableViewApiUITestsLaunchTests.swift */; };
		A3B4CB252943996200E263FA /* FuturamaManager.swift in Sources */ = {isa = PBXBuildFile; fileRef = A3B4CB242943996200E263FA /* FuturamaManager.swift */; };
		A3B4CB2729439A0400E263FA /* DatosPersonajes.swift in Sources */ = {isa = PBXBuildFile; fileRef = A3B4CB2629439A0400E263FA /* DatosPersonajes.swift */; };
		A3B4CB2A2943ACB200E263FA /* CeldaTableViewCell.swift in Sources */ = {isa = PBXBuildFile; fileRef = A3B4CB282943ACB200E263FA /* CeldaTableViewCell.swift */; };
		A3B4CB2B2943ACB200E263FA /* CeldaTableViewCell.xib in Resources */ = {isa = PBXBuildFile; fileRef = A3B4CB292943ACB200E263FA /* CeldaTableViewCell.xib */; };
		A3B4CB2D29440EF000E263FA /* DetallePersonajesViewController.swift in Sources */ = {isa = PBXBuildFile; fileRef = A3B4CB2C29440EF000E263FA /* DetallePersonajesViewController.swift */; };
/* End PBXBuildFile section */

/* Begin PBXContainerItemProxy section */
		A3B4CB0829438F2500E263FA /* PBXContainerItemProxy */ = {
			isa = PBXContainerItemProxy;
			containerPortal = A3B4CAE629438F2200E263FA /* Project object */;
			proxyType = 1;
			remoteGlobalIDString = A3B4CAED29438F2200E263FA;
			remoteInfo = tableViewApi;
		};
		A3B4CB1229438F2700E263FA /* PBXContainerItemProxy */ = {
			isa = PBXContainerItemProxy;
			containerPortal = A3B4CAE629438F2200E263FA /* Project object */;
			proxyType = 1;
			remoteGlobalIDString = A3B4CAED29438F2200E263FA;
			remoteInfo = tableViewApi;
		};
/* End PBXContainerItemProxy section */

/* Begin PBXFileReference section */
		A3B4CAEE29438F2200E263FA /* tableViewApi.app */ = {isa = PBXFileReference; explicitFileType = wrapper.application; includeInIndex = 0; path = tableViewApi.app; sourceTree = BUILT_PRODUCTS_DIR; };
		A3B4CAF129438F2200E263FA /* AppDelegate.swift */ = {isa = PBXFileReference; lastKnownFileType = sourcecode.swift; path = AppDelegate.swift; sourceTree = "<group>"; };
		A3B4CAF329438F2200E263FA /* SceneDelegate.swift */ = {isa = PBXFileReference; lastKnownFileType = sourcecode.swift; path = SceneDelegate.swift; sourceTree = "<group>"; };
		A3B4CAF529438F2200E263FA /* ViewController.swift */ = {isa = PBXFileReference; lastKnownFileType = sourcecode.swift; path = ViewController.swift; sourceTree = "<group>"; };
		A3B4CAF829438F2200E263FA /* Base */ = {isa = PBXFileReference; lastKnownFileType = file.storyboard; name = Base; path = Base.lproj/Main.storyboard; sourceTree = "<group>"; };
		A3B4CAFB29438F2200E263FA /* tableViewApi.xcdatamodel */ = {isa = PBXFileReference; lastKnownFileType = wrapper.xcdatamodel; path = tableViewApi.xcdatamodel; sourceTree = "<group>"; };
		A3B4CAFD29438F2500E263FA /* Assets.xcassets */ = {isa = PBXFileReference; lastKnownFileType = folder.assetcatalog; path = Assets.xcassets; sourceTree = "<group>"; };
		A3B4CB0029438F2500E263FA /* Base */ = {isa = PBXFileReference; lastKnownFileType = file.storyboard; name = Base; path = Base.lproj/LaunchScreen.storyboard; sourceTree = "<group>"; };
		A3B4CB0229438F2500E263FA /* Info.plist */ = {isa = PBXFileReference; lastKnownFileType = text.plist.xml; path = Info.plist; sourceTree = "<group>"; };
		A3B4CB0729438F2500E263FA /* tableViewApiTests.xctest */ = {isa = PBXFileReference; explicitFileType = wrapper.cfbundle; includeInIndex = 0; path = tableViewApiTests.xctest; sourceTree = BUILT_PRODUCTS_DIR; };
		A3B4CB0B29438F2700E263FA /* tableViewApiTests.swift */ = {isa = PBXFileReference; lastKnownFileType = sourcecode.swift; path = tableViewApiTests.swift; sourceTree = "<group>"; };
		A3B4CB1129438F2700E263FA /* tableViewApiUITests.xctest */ = {isa = PBXFileReference; explicitFileType = wrapper.cfbundle; includeInIndex = 0; path = tableViewApiUITests.xctest; sourceTree = BUILT_PRODUCTS_DIR; };
		A3B4CB1529438F2700E263FA /* tableViewApiUITests.swift */ = {isa = PBXFileReference; lastKnownFileType = sourcecode.swift; path = tableViewApiUITests.swift; sourceTree = "<group>"; };
		A3B4CB1729438F2700E263FA /* tableViewApiUITestsLaunchTests.swift */ = {isa = PBXFileReference; lastKnownFileType = sourcecode.swift; path = tableViewApiUITestsLaunchTests.swift; sourceTree = "<group>"; };
		A3B4CB242943996200E263FA /* FuturamaManager.swift */ = {isa = PBXFileReference; lastKnownFileType = sourcecode.swift; path = FuturamaManager.swift; sourceTree = "<group>"; };
		A3B4CB2629439A0400E263FA /* DatosPersonajes.swift */ = {isa = PBXFileReference; lastKnownFileType = sourcecode.swift; path = DatosPersonajes.swift; sourceTree = "<group>"; };
		A3B4CB282943ACB200E263FA /* CeldaTableViewCell.swift */ = {isa = PBXFileReference; lastKnownFileType = sourcecode.swift; path = CeldaTableViewCell.swift; sourceTree = "<group>"; };
		A3B4CB292943ACB200E263FA /* CeldaTableViewCell.xib */ = {isa = PBXFileReference; lastKnownFileType = file.xib; path = CeldaTableViewCell.xib; sourceTree = "<group>"; };
		A3B4CB2C29440EF000E263FA /* DetallePersonajesViewController.swift */ = {isa = PBXFileReference; lastKnownFileType = sourcecode.swift; path = DetallePersonajesViewController.swift; sourceTree = "<group>"; };
/* End PBXFileReference section */

/* Begin PBXFrameworksBuildPhase section */
		A3B4CAEB29438F2200E263FA /* Frameworks */ = {
			isa = PBXFrameworksBuildPhase;
			buildActionMask = 2147483647;
			files = (
			);
			runOnlyForDeploymentPostprocessing = 0;
		};
		A3B4CB0429438F2500E263FA /* Frameworks */ = {
			isa = PBXFrameworksBuildPhase;
			buildActionMask = 2147483647;
			files = (
			);
			runOnlyForDeploymentPostprocessing = 0;
		};
		A3B4CB0E29438F2700E263FA /* Frameworks */ = {
			isa = PBXFrameworksBuildPhase;
			buildActionMask = 2147483647;
			files = (
			);
			runOnlyForDeploymentPostprocessing = 0;
		};
/* End PBXFrameworksBuildPhase section */

/* Begin PBXGroup section */
		A3B4CAE529438F2200E263FA = {
			isa = PBXGroup;
			children = (
				A3B4CAF029438F2200E263FA /* tableViewApi */,
				A3B4CB0A29438F2500E263FA /* tableViewApiTests */,
				A3B4CB1429438F2700E263FA /* tableViewApiUITests */,
				A3B4CAEF29438F2200E263FA /* Products */,
			);
			sourceTree = "<group>";
		};
		A3B4CAEF29438F2200E263FA /* Products */ = {
			isa = PBXGroup;
			children = (
				A3B4CAEE29438F2200E263FA /* tableViewApi.app */,
				A3B4CB0729438F2500E263FA /* tableViewApiTests.xctest */,
				A3B4CB1129438F2700E263FA /* tableViewApiUITests.xctest */,
			);
			name = Products;
			sourceTree = "<group>";
		};
		A3B4CAF029438F2200E263FA /* tableViewApi */ = {
			isa = PBXGroup;
			children = (
				A3B4CAF129438F2200E263FA /* AppDelegate.swift */,
				A3B4CAF329438F2200E263FA /* SceneDelegate.swift */,
				A3B4CAF529438F2200E263FA /* ViewController.swift */,
				A3B4CAF729438F2200E263FA /* Main.storyboard */,
				A3B4CAFD29438F2500E263FA /* Assets.xcassets */,
				A3B4CAFF29438F2500E263FA /* LaunchScreen.storyboard */,
				A3B4CB0229438F2500E263FA /* Info.plist */,
				A3B4CAFA29438F2200E263FA /* tableViewApi.xcdatamodeld */,
				A3B4CB242943996200E263FA /* FuturamaManager.swift */,
				A3B4CB2629439A0400E263FA /* DatosPersonajes.swift */,
				A3B4CB282943ACB200E263FA /* CeldaTableViewCell.swift */,
				A3B4CB292943ACB200E263FA /* CeldaTableViewCell.xib */,
				A3B4CB2C29440EF000E263FA /* DetallePersonajesViewController.swift */,
			);
			path = tableViewApi;
			sourceTree = "<group>";
		};
		A3B4CB0A29438F2500E263FA /* tableViewApiTests */ = {
			isa = PBXGroup;
			children = (
				A3B4CB0B29438F2700E263FA /* tableViewApiTests.swift */,
			);
			path = tableViewApiTests;
			sourceTree = "<group>";
		};
		A3B4CB1429438F2700E263FA /* tableViewApiUITests */ = {
			isa = PBXGroup;
			children = (
				A3B4CB1529438F2700E263FA /* tableViewApiUITests.swift */,
				A3B4CB1729438F2700E263FA /* tableViewApiUITestsLaunchTests.swift */,
			);
			path = tableViewApiUITests;
			sourceTree = "<group>";
		};
/* End PBXGroup section */

/* Begin PBXNativeTarget section */
		A3B4CAED29438F2200E263FA /* tableViewApi */ = {
			isa = PBXNativeTarget;
			buildConfigurationList = A3B4CB1B29438F2700E263FA /* Build configuration list for PBXNativeTarget "tableViewApi" */;
			buildPhases = (
				A3B4CAEA29438F2200E263FA /* Sources */,
				A3B4CAEB29438F2200E263FA /* Frameworks */,
				A3B4CAEC29438F2200E263FA /* Resources */,
			);
			buildRules = (
			);
			dependencies = (
			);
			name = tableViewApi;
			productName = tableViewApi;
			productReference = A3B4CAEE29438F2200E263FA /* tableViewApi.app */;
			productType = "com.apple.product-type.application";
		};
		A3B4CB0629438F2500E263FA /* tableViewApiTests */ = {
			isa = PBXNativeTarget;
			buildConfigurationList = A3B4CB1E29438F2700E263FA /* Build configuration list for PBXNativeTarget "tableViewApiTests" */;
			buildPhases = (
				A3B4CB0329438F2500E263FA /* Sources */,
				A3B4CB0429438F2500E263FA /* Frameworks */,
				A3B4CB0529438F2500E263FA /* Resources */,
			);
			buildRules = (
			);
			dependencies = (
				A3B4CB0929438F2500E263FA /* PBXTargetDependency */,
			);
			name = tableViewApiTests;
			productName = tableViewApiTests;
			productReference = A3B4CB0729438F2500E263FA /* tableViewApiTests.xctest */;
			productType = "com.apple.product-type.bundle.unit-test";
		};
		A3B4CB1029438F2700E263FA /* tableViewApiUITests */ = {
			isa = PBXNativeTarget;
			buildConfigurationList = A3B4CB2129438F2700E263FA /* Build configuration list for PBXNativeTarget "tableViewApiUITests" */;
			buildPhases = (
				A3B4CB0D29438F2700E263FA /* Sources */,
				A3B4CB0E29438F2700E263FA /* Frameworks */,
				A3B4CB0F29438F2700E263FA /* Resources */,
			);
			buildRules = (
			);
			dependencies = (
				A3B4CB1329438F2700E263FA /* PBXTargetDependency */,
			);
			name = tableViewApiUITests;
			productName = tableViewApiUITests;
			productReference = A3B4CB1129438F2700E263FA /* tableViewApiUITests.xctest */;
			productType = "com.apple.product-type.bundle.ui-testing";
		};
/* End PBXNativeTarget section */

/* Begin PBXProject section */
		A3B4CAE629438F2200E263FA /* Project object */ = {
			isa = PBXProject;
			attributes = {
				BuildIndependentTargetsInParallel = 1;
				LastSwiftUpdateCheck = 1320;
				LastUpgradeCheck = 1320;
				TargetAttributes = {
					A3B4CAED29438F2200E263FA = {
						CreatedOnToolsVersion = 13.2;
					};
					A3B4CB0629438F2500E263FA = {
						CreatedOnToolsVersion = 13.2;
						TestTargetID = A3B4CAED29438F2200E263FA;
					};
					A3B4CB1029438F2700E263FA = {
						CreatedOnToolsVersion = 13.2;
						TestTargetID = A3B4CAED29438F2200E263FA;
					};
				};
			};
			buildConfigurationList = A3B4CAE929438F2200E263FA /* Build configuration list for PBXProject "tableViewApi" */;
			compatibilityVersion = "Xcode 13.0";
			developmentRegion = en;
			hasScannedForEncodings = 0;
			knownRegions = (
				en,
				Base,
			);
			mainGroup = A3B4CAE529438F2200E263FA;
			productRefGroup = A3B4CAEF29438F2200E263FA /* Products */;
			projectDirPath = "";
			projectRoot = "";
			targets = (
				A3B4CAED29438F2200E263FA /* tableViewApi */,
				A3B4CB0629438F2500E263FA /* tableViewApiTests */,
				A3B4CB1029438F2700E263FA /* tableViewApiUITests */,
			);
		};
/* End PBXProject section */

/* Begin PBXResourcesBuildPhase section */
		A3B4CAEC29438F2200E263FA /* Resources */ = {
			isa = PBXResourcesBuildPhase;
			buildActionMask = 2147483647;
			files = (
				A3B4CB0129438F2500E263FA /* LaunchScreen.storyboard in Resources */,
				A3B4CAFE29438F2500E263FA /* Assets.xcassets in Resources */,
				A3B4CAF929438F2200E263FA /* Main.storyboard in Resources */,
				A3B4CB2B2943ACB200E263FA /* CeldaTableViewCell.xib in Resources */,
			);
			runOnlyForDeploymentPostprocessing = 0;
		};
		A3B4CB0529438F2500E263FA /* Resources */ = {
			isa = PBXResourcesBuildPhase;
			buildActionMask = 2147483647;
			files = (
			);
			runOnlyForDeploymentPostprocessing = 0;
		};
		A3B4CB0F29438F2700E263FA /* Resources */ = {
			isa = PBXResourcesBuildPhase;
			buildActionMask = 2147483647;
			files = (
			);
			runOnlyForDeploymentPostprocessing = 0;
		};
/* End PBXResourcesBuildPhase section */

/* Begin PBXSourcesBuildPhase section */
		A3B4CAEA29438F2200E263FA /* Sources */ = {
			isa = PBXSourcesBuildPhase;
			buildActionMask = 2147483647;
			files = (
				A3B4CAF629438F2200E263FA /* ViewController.swift in Sources */,
				A3B4CAF229438F2200E263FA /* AppDelegate.swift in Sources */,
				A3B4CB252943996200E263FA /* FuturamaManager.swift in Sources */,
				A3B4CB2729439A0400E263FA /* DatosPersonajes.swift in Sources */,
				A3B4CB2D29440EF000E263FA /* DetallePersonajesViewController.swift in Sources */,
				A3B4CB2A2943ACB200E263FA /* CeldaTableViewCell.swift in Sources */,
				A3B4CAFC29438F2200E263FA /* tableViewApi.xcdatamodeld in Sources */,
				A3B4CAF429438F2200E263FA /* SceneDelegate.swift in Sources */,
			);
			runOnlyForDeploymentPostprocessing = 0;
		};
		A3B4CB0329438F2500E263FA /* Sources */ = {
			isa = PBXSourcesBuildPhase;
			buildActionMask = 2147483647;
			files = (
				A3B4CB0C29438F2700E263FA /* tableViewApiTests.swift in Sources */,
			);
			runOnlyForDeploymentPostprocessing = 0;
		};
		A3B4CB0D29438F2700E263FA /* Sources */ = {
			isa = PBXSourcesBuildPhase;
			buildActionMask = 2147483647;
			files = (
				A3B4CB1629438F2700E263FA /* tableViewApiUITests.swift in Sources */,
				A3B4CB1829438F2700E263FA /* tableViewApiUITestsLaunchTests.swift in Sources */,
			);
			runOnlyForDeploymentPostprocessing = 0;
		};
/* End PBXSourcesBuildPhase section */

/* Begin PBXTargetDependency section */
		A3B4CB0929438F2500E263FA /* PBXTargetDependency */ = {
			isa = PBXTargetDependency;
			target = A3B4CAED29438F2200E263FA /* tableViewApi */;
			targetProxy = A3B4CB0829438F2500E263FA /* PBXContainerItemProxy */;
		};
		A3B4CB1329438F2700E263FA /* PBXTargetDependency */ = {
			isa = PBXTargetDependency;
			target = A3B4CAED29438F2200E263FA /* tableViewApi */;
			targetProxy = A3B4CB1229438F2700E263FA /* PBXContainerItemProxy */;
		};
/* End PBXTargetDependency section */

/* Begin PBXVariantGroup section */
		A3B4CAF729438F2200E263FA /* Main.storyboard */ = {
			isa = PBXVariantGroup;
			children = (
				A3B4CAF829438F2200E263FA /* Base */,
			);
			name = Main.storyboard;
			sourceTree = "<group>";
		};
		A3B4CAFF29438F2500E263FA /* LaunchScreen.storyboard */ = {
			isa = PBXVariantGroup;
			children = (
				A3B4CB0029438F2500E263FA /* Base */,
			);
			name = LaunchScreen.storyboard;
			sourceTree = "<group>";
		};
/* End PBXVariantGroup section */

/* Begin XCBuildConfiguration section */
		A3B4CB1929438F2700E263FA /* Debug */ = {
			isa = XCBuildConfiguration;
			buildSettings = {
				ALWAYS_SEARCH_USER_PATHS = NO;
				CLANG_ANALYZER_NONNULL = YES;
				CLANG_ANALYZER_NUMBER_OBJECT_CONVERSION = YES_AGGRESSIVE;
				CLANG_CXX_LANGUAGE_STANDARD = "gnu++17";
				CLANG_CXX_LIBRARY = "libc++";
				CLANG_ENABLE_MODULES = YES;
				CLANG_ENABLE_OBJC_ARC = YES;
				CLANG_ENABLE_OBJC_WEAK = YES;
				CLANG_WARN_BLOCK_CAPTURE_AUTORELEASING = YES;
				CLANG_WARN_BOOL_CONVERSION = YES;
				CLANG_WARN_COMMA = YES;
				CLANG_WARN_CONSTANT_CONVERSION = YES;
				CLANG_WARN_DEPRECATED_OBJC_IMPLEMENTATIONS = YES;
				CLANG_WARN_DIRECT_OBJC_ISA_USAGE = YES_ERROR;
				CLANG_WARN_DOCUMENTATION_COMMENTS = YES;
				CLANG_WARN_EMPTY_BODY = YES;
				CLANG_WARN_ENUM_CONVERSION = YES;
				CLANG_WARN_INFINITE_RECURSION = YES;
				CLANG_WARN_INT_CONVERSION = YES;
				CLANG_WARN_NON_LITERAL_NULL_CONVERSION = YES;
				CLANG_WARN_OBJC_IMPLICIT_RETAIN_SELF = YES;
				CLANG_WARN_OBJC_LITERAL_CONVERSION = YES;
				CLANG_WARN_OBJC_ROOT_CLASS = YES_ERROR;
				CLANG_WARN_QUOTED_INCLUDE_IN_FRAMEWORK_HEADER = YES;
				CLANG_WARN_RANGE_LOOP_ANALYSIS = YES;
				CLANG_WARN_STRICT_PROTOTYPES = YES;
				CLANG_WARN_SUSPICIOUS_MOVE = YES;
				CLANG_WARN_UNGUARDED_AVAILABILITY = YES_AGGRESSIVE;
				CLANG_WARN_UNREACHABLE_CODE = YES;
				CLANG_WARN__DUPLICATE_METHOD_MATCH = YES;
				COPY_PHASE_STRIP = NO;
				DEBUG_INFORMATION_FORMAT = dwarf;
				ENABLE_STRICT_OBJC_MSGSEND = YES;
				ENABLE_TESTABILITY = YES;
				GCC_C_LANGUAGE_STANDARD = gnu11;
				GCC_DYNAMIC_NO_PIC = NO;
				GCC_NO_COMMON_BLOCKS = YES;
				GCC_OPTIMIZATION_LEVEL = 0;
				GCC_PREPROCESSOR_DEFINITIONS = (
					"DEBUG=1",
					"$(inherited)",
				);
				GCC_WARN_64_TO_32_BIT_CONVERSION = YES;
				GCC_WARN_ABOUT_RETURN_TYPE = YES_ERROR;
				GCC_WARN_UNDECLARED_SELECTOR = YES;
				GCC_WARN_UNINITIALIZED_AUTOS = YES_AGGRESSIVE;
				GCC_WARN_UNUSED_FUNCTION = YES;
				GCC_WARN_UNUSED_VARIABLE = YES;
				IPHONEOS_DEPLOYMENT_TARGET = 15.2;
				MTL_ENABLE_DEBUG_INFO = INCLUDE_SOURCE;
				MTL_FAST_MATH = YES;
				ONLY_ACTIVE_ARCH = YES;
				SDKROOT = iphoneos;
				SWIFT_ACTIVE_COMPILATION_CONDITIONS = DEBUG;
				SWIFT_OPTIMIZATION_LEVEL = "-Onone";
			};
			name = Debug;
		};
		A3B4CB1A29438F2700E263FA /* Release */ = {
			isa = XCBuildConfiguration;
			buildSettings = {
				ALWAYS_SEARCH_USER_PATHS = NO;
				CLANG_ANALYZER_NONNULL = YES;
				CLANG_ANALYZER_NUMBER_OBJECT_CONVERSION = YES_AGGRESSIVE;
				CLANG_CXX_LANGUAGE_STANDARD = "gnu++17";
				CLANG_CXX_LIBRARY = "libc++";
				CLANG_ENABLE_MODULES = YES;
				CLANG_ENABLE_OBJC_ARC = YES;
				CLANG_ENABLE_OBJC_WEAK = YES;
				CLANG_WARN_BLOCK_CAPTURE_AUTORELEASING = YES;
				CLANG_WARN_BOOL_CONVERSION = YES;
				CLANG_WARN_COMMA = YES;
				CLANG_WARN_CONSTANT_CONVERSION = YES;
				CLANG_WARN_DEPRECATED_OBJC_IMPLEMENTATIONS = YES;
				CLANG_WARN_DIRECT_OBJC_ISA_USAGE = YES_ERROR;
				CLANG_WARN_DOCUMENTATION_COMMENTS = YES;
				CLANG_WARN_EMPTY_BODY = YES;
				CLANG_WARN_ENUM_CONVERSION = YES;
				CLANG_WARN_INFINITE_RECURSION = YES;
				CLANG_WARN_INT_CONVERSION = YES;
				CLANG_WARN_NON_LITERAL_NULL_CONVERSION = YES;
				CLANG_WARN_OBJC_IMPLICIT_RETAIN_SELF = YES;
				CLANG_WARN_OBJC_LITERAL_CONVERSION = YES;
				CLANG_WARN_OBJC_ROOT_CLASS = YES_ERROR;
				CLANG_WARN_QUOTED_INCLUDE_IN_FRAMEWORK_HEADER = YES;
				CLANG_WARN_RANGE_LOOP_ANALYSIS = YES;
				CLANG_WARN_STRICT_PROTOTYPES = YES;
				CLANG_WARN_SUSPICIOUS_MOVE = YES;
				CLANG_WARN_UNGUARDED_AVAILABILITY = YES_AGGRESSIVE;
				CLANG_WARN_UNREACHABLE_CODE = YES;
				CLANG_WARN__DUPLICATE_METHOD_MATCH = YES;
				COPY_PHASE_STRIP = NO;
				DEBUG_INFORMATION_FORMAT = "dwarf-with-dsym";
				ENABLE_NS_ASSERTIONS = NO;
				ENABLE_STRICT_OBJC_MSGSEND = YES;
				GCC_C_LANGUAGE_STANDARD = gnu11;
				GCC_NO_COMMON_BLOCKS = YES;
				GCC_WARN_64_TO_32_BIT_CONVERSION = YES;
				GCC_WARN_ABOUT_RETURN_TYPE = YES_ERROR;
				GCC_WARN_UNDECLARED_SELECTOR = YES;
				GCC_WARN_UNINITIALIZED_AUTOS = YES_AGGRESSIVE;
				GCC_WARN_UNUSED_FUNCTION = YES;
				GCC_WARN_UNUSED_VARIABLE = YES;
				IPHONEOS_DEPLOYMENT_TARGET = 15.2;
				MTL_ENABLE_DEBUG_INFO = NO;
				MTL_FAST_MATH = YES;
				SDKROOT = iphoneos;
				SWIFT_COMPILATION_MODE = wholemodule;
				SWIFT_OPTIMIZATION_LEVEL = "-O";
				VALIDATE_PRODUCT = YES;
			};
			name = Release;
		};
		A3B4CB1C29438F2700E263FA /* Debug */ = {
			isa = XCBuildConfiguration;
			buildSettings = {
				ASSETCATALOG_COMPILER_APPICON_NAME = AppIcon;
				ASSETCATALOG_COMPILER_GLOBAL_ACCENT_COLOR_NAME = AccentColor;
				CODE_SIGN_STYLE = Automatic;
				CURRENT_PROJECT_VERSION = 1;
				GENERATE_INFOPLIST_FILE = YES;
				INFOPLIST_FILE = tableViewApi/Info.plist;
				INFOPLIST_KEY_UIApplicationSupportsIndirectInputEvents = YES;
				INFOPLIST_KEY_UILaunchStoryboardName = LaunchScreen;
				INFOPLIST_KEY_UIMainStoryboardFile = Main;
				INFOPLIST_KEY_UISupportedInterfaceOrientations_iPad = "UIInterfaceOrientationPortrait UIInterfaceOrientationPortraitUpsideDown UIInterfaceOrientationLandscapeLeft UIInterfaceOrientationLandscapeRight";
				INFOPLIST_KEY_UISupportedInterfaceOrientations_iPhone = "UIInterfaceOrientationPortrait UIInterfaceOrientationLandscapeLeft UIInterfaceOrientationLandscapeRight";
				LD_RUNPATH_SEARCH_PATHS = (
					"$(inherited)",
					"@executable_path/Frameworks",
				);
				MARKETING_VERSION = 1.0;
				PRODUCT_BUNDLE_IDENTIFIER = proyecto.tableViewApi;
				PRODUCT_NAME = "$(TARGET_NAME)";
				SWIFT_EMIT_LOC_STRINGS = YES;
				SWIFT_VERSION = 5.0;
				TARGETED_DEVICE_FAMILY = "1,2";
			};
			name = Debug;
		};
		A3B4CB1D29438F2700E263FA /* Release */ = {
			isa = XCBuildConfiguration;
			buildSettings = {
				ASSETCATALOG_COMPILER_APPICON_NAME = AppIcon;
				ASSETCATALOG_COMPILER_GLOBAL_ACCENT_COLOR_NAME = AccentColor;
				CODE_SIGN_STYLE = Automatic;
				CURRENT_PROJECT_VERSION = 1;
				GENERATE_INFOPLIST_FILE = YES;
				INFOPLIST_FILE = tableViewApi/Info.plist;
				INFOPLIST_KEY_UIApplicationSupportsIndirectInputEvents = YES;
				INFOPLIST_KEY_UILaunchStoryboardName = LaunchScreen;
				INFOPLIST_KEY_UIMainStoryboardFile = Main;
				INFOPLIST_KEY_UISupportedInterfaceOrientations_iPad = "UIInterfaceOrientationPortrait UIInterfaceOrientationPortraitUpsideDown UIInterfaceOrientationLandscapeLeft UIInterfaceOrientationLandscapeRight";
				INFOPLIST_KEY_UISupportedInterfaceOrientations_iPhone = "UIInterfaceOrientationPortrait UIInterfaceOrientationLandscapeLeft UIInterfaceOrientationLandscapeRight";
				LD_RUNPATH_SEARCH_PATHS = (
					"$(inherited)",
					"@executable_path/Frameworks",
				);
				MARKETING_VERSION = 1.0;
				PRODUCT_BUNDLE_IDENTIFIER = proyecto.tableViewApi;
				PRODUCT_NAME = "$(TARGET_NAME)";
				SWIFT_EMIT_LOC_STRINGS = YES;
				SWIFT_VERSION = 5.0;
				TARGETED_DEVICE_FAMILY = "1,2";
			};
			name = Release;
		};
		A3B4CB1F29438F2700E263FA /* Debug */ = {
			isa = XCBuildConfiguration;
			buildSettings = {
				ALWAYS_EMBED_SWIFT_STANDARD_LIBRARIES = YES;
				BUNDLE_LOADER = "$(TEST_HOST)";
				CODE_SIGN_STYLE = Automatic;
				CURRENT_PROJECT_VERSION = 1;
				GENERATE_INFOPLIST_FILE = YES;
				IPHONEOS_DEPLOYMENT_TARGET = 15.2;
				MARKETING_VERSION = 1.0;
				PRODUCT_BUNDLE_IDENTIFIER = proyecto.tableViewApiTests;
				PRODUCT_NAME = "$(TARGET_NAME)";
				SWIFT_EMIT_LOC_STRINGS = NO;
				SWIFT_VERSION = 5.0;
				TARGETED_DEVICE_FAMILY = "1,2";
				TEST_HOST = "$(BUILT_PRODUCTS_DIR)/tableViewApi.app/tableViewApi";
			};
			name = Debug;
		};
		A3B4CB2029438F2700E263FA /* Release */ = {
			isa = XCBuildConfiguration;
			buildSettings = {
				ALWAYS_EMBED_SWIFT_STANDARD_LIBRARIES = YES;
				BUNDLE_LOADER = "$(TEST_HOST)";
				CODE_SIGN_STYLE = Automatic;
				CURRENT_PROJECT_VERSION = 1;
				GENERATE_INFOPLIST_FILE = YES;
				IPHONEOS_DEPLOYMENT_TARGET = 15.2;
				MARKETING_VERSION = 1.0;
				PRODUCT_BUNDLE_IDENTIFIER = proyecto.tableViewApiTests;
				PRODUCT_NAME = "$(TARGET_NAME)";
				SWIFT_EMIT_LOC_STRINGS = NO;
				SWIFT_VERSION = 5.0;
				TARGETED_DEVICE_FAMILY = "1,2";
				TEST_HOST = "$(BUILT_PRODUCTS_DIR)/tableViewApi.app/tableViewApi";
			};
			name = Release;
		};
		A3B4CB2229438F2700E263FA /* Debug */ = {
			isa = XCBuildConfiguration;
			buildSettings = {
				ALWAYS_EMBED_SWIFT_STANDARD_LIBRARIES = YES;
				CODE_SIGN_STYLE = Automatic;
				CURRENT_PROJECT_VERSION = 1;
				GENERATE_INFOPLIST_FILE = YES;
				MARKETING_VERSION = 1.0;
				PRODUCT_BUNDLE_IDENTIFIER = proyecto.tableViewApiUITests;
				PRODUCT_NAME = "$(TARGET_NAME)";
				SWIFT_EMIT_LOC_STRINGS = NO;
				SWIFT_VERSION = 5.0;
				TARGETED_DEVICE_FAMILY = "1,2";
				TEST_TARGET_NAME = tableViewApi;
			};
			name = Debug;
		};
		A3B4CB2329438F2700E263FA /* Release */ = {
			isa = XCBuildConfiguration;
			buildSettings = {
				ALWAYS_EMBED_SWIFT_STANDARD_LIBRARIES = YES;
				CODE_SIGN_STYLE = Automatic;
				CURRENT_PROJECT_VERSION = 1;
				GENERATE_INFOPLIST_FILE = YES;
				MARKETING_VERSION = 1.0;
				PRODUCT_BUNDLE_IDENTIFIER = proyecto.tableViewApiUITests;
				PRODUCT_NAME = "$(TARGET_NAME)";
				SWIFT_EMIT_LOC_STRINGS = NO;
				SWIFT_VERSION = 5.0;
				TARGETED_DEVICE_FAMILY = "1,2";
				TEST_TARGET_NAME = tableViewApi;
			};
			name = Release;
		};
/* End XCBuildConfiguration section */

/* Begin XCConfigurationList section */
		A3B4CAE929438F2200E263FA /* Build configuration list for PBXProject "tableViewApi" */ = {
			isa = XCConfigurationList;
			buildConfigurations = (
				A3B4CB1929438F2700E263FA /* Debug */,
				A3B4CB1A29438F2700E263FA /* Release */,
			);
			defaultConfigurationIsVisible = 0;
			defaultConfigurationName = Release;
		};
		A3B4CB1B29438F2700E263FA /* Build configuration list for PBXNativeTarget "tableViewApi" */ = {
			isa = XCConfigurationList;
			buildConfigurations = (
				A3B4CB1C29438F2700E263FA /* Debug */,
				A3B4CB1D29438F2700E263FA /* Release */,
			);
			defaultConfigurationIsVisible = 0;
			defaultConfigurationName = Release;
		};
		A3B4CB1E29438F2700E263FA /* Build configuration list for PBXNativeTarget "tableViewApiTests" */ = {
			isa = XCConfigurationList;
			buildConfigurations = (
				A3B4CB1F29438F2700E263FA /* Debug */,
				A3B4CB2029438F2700E263FA /* Release */,
			);
			defaultConfigurationIsVisible = 0;
			defaultConfigurationName = Release;
		};
		A3B4CB2129438F2700E263FA /* Build configuration list for PBXNativeTarget "tableViewApiUITests" */ = {
			isa = XCConfigurationList;
			buildConfigurations = (
				A3B4CB2229438F2700E263FA /* Debug */,
				A3B4CB2329438F2700E263FA /* Release */,
			);
			defaultConfigurationIsVisible = 0;
			defaultConfigurationName = Release;
		};
/* End XCConfigurationList section */

/* Begin XCVersionGroup section */
		A3B4CAFA29438F2200E263FA /* tableViewApi.xcdatamodeld */ = {
			isa = XCVersionGroup;
			children = (
				A3B4CAFB29438F2200E263FA /* tableViewApi.xcdatamodel */,
			);
			currentVersion = A3B4CAFB29438F2200E263FA /* tableViewApi.xcdatamodel */;
			path = tableViewApi.xcdatamodeld;
			sourceTree = "<group>";
			versionGroupType = wrapper.xcdatamodel;
		};
/* End XCVersionGroup section */
	};
	rootObject = A3B4CAE629438F2200E263FA /* Project object */;
}
